// !$*UTF8*$!
{
	archiveVersion = 1;
	classes = {
	};
	objectVersion = 56;
	objects = {

/* Begin PBXBuildFile section */
		14F7C6472C83596F00C541D4 /* CarAtlasApp.swift in Sources */ = {isa = PBXBuildFile; fileRef = 14F7C6462C83596F00C541D4 /* CarAtlasApp.swift */; };
		14F7C6492C83596F00C541D4 /* ContentView.swift in Sources */ = {isa = PBXBuildFile; fileRef = 14F7C6482C83596F00C541D4 /* ContentView.swift */; };
		14F7C64B2C83597100C541D4 /* Assets.xcassets in Resources */ = {isa = PBXBuildFile; fileRef = 14F7C64A2C83597100C541D4 /* Assets.xcassets */; };
		14F7C64E2C83597100C541D4 /* Preview Assets.xcassets in Resources */ = {isa = PBXBuildFile; fileRef = 14F7C64D2C83597100C541D4 /* Preview Assets.xcassets */; };
		14F7C6572C8371D900C541D4 /* Car.swift in Sources */ = {isa = PBXBuildFile; fileRef = 14F7C6562C8371D900C541D4 /* Car.swift */; };
		14F7C65A2C83727200C541D4 /* CarRepository.swift in Sources */ = {isa = PBXBuildFile; fileRef = 14F7C6592C83727200C541D4 /* CarRepository.swift */; };
		14F7C65D2C8385D000C541D4 /* GetCarsUseCase.swift in Sources */ = {isa = PBXBuildFile; fileRef = 14F7C65C2C8385D000C541D4 /* GetCarsUseCase.swift */; };
		14F7C6612C8386B400C541D4 /* CarRespositoryImpl.swift in Sources */ = {isa = PBXBuildFile; fileRef = 14F7C6602C8386B400C541D4 /* CarRespositoryImpl.swift */; };
		14F7C6642C83889F00C541D4 /* APIClient.swift in Sources */ = {isa = PBXBuildFile; fileRef = 14F7C6632C83889F00C541D4 /* APIClient.swift */; };
		14F7C6672C83897200C541D4 /* CarRemoteDataSource.swift in Sources */ = {isa = PBXBuildFile; fileRef = 14F7C6662C83897200C541D4 /* CarRemoteDataSource.swift */; };
		14F7C66C2C838B9600C541D4 /* CarListViewModel.swift in Sources */ = {isa = PBXBuildFile; fileRef = 14F7C66B2C838B9600C541D4 /* CarListViewModel.swift */; };
		14F7C6702C838C6E00C541D4 /* CarListView.swift in Sources */ = {isa = PBXBuildFile; fileRef = 14F7C66F2C838C6E00C541D4 /* CarListView.swift */; };
		14F7C6722C838E1200C541D4 /* ErrorWrapper.swift in Sources */ = {isa = PBXBuildFile; fileRef = 14F7C6712C838E1200C541D4 /* ErrorWrapper.swift */; };
		14F7C6742C838EB700C541D4 /* CarMakes.swift in Sources */ = {isa = PBXBuildFile; fileRef = 14F7C6732C838EB700C541D4 /* CarMakes.swift */; };
/* End PBXBuildFile section */

/* Begin PBXFileReference section */
		14F7C6432C83596F00C541D4 /* CarAtlas.app */ = {isa = PBXFileReference; explicitFileType = wrapper.application; includeInIndex = 0; path = CarAtlas.app; sourceTree = BUILT_PRODUCTS_DIR; };
		14F7C6462C83596F00C541D4 /* CarAtlasApp.swift */ = {isa = PBXFileReference; lastKnownFileType = sourcecode.swift; path = CarAtlasApp.swift; sourceTree = "<group>"; };
		14F7C6482C83596F00C541D4 /* ContentView.swift */ = {isa = PBXFileReference; lastKnownFileType = sourcecode.swift; path = ContentView.swift; sourceTree = "<group>"; };
		14F7C64A2C83597100C541D4 /* Assets.xcassets */ = {isa = PBXFileReference; lastKnownFileType = folder.assetcatalog; path = Assets.xcassets; sourceTree = "<group>"; };
		14F7C64D2C83597100C541D4 /* Preview Assets.xcassets */ = {isa = PBXFileReference; lastKnownFileType = folder.assetcatalog; path = "Preview Assets.xcassets"; sourceTree = "<group>"; };
		14F7C6562C8371D900C541D4 /* Car.swift */ = {isa = PBXFileReference; lastKnownFileType = sourcecode.swift; path = Car.swift; sourceTree = "<group>"; };
		14F7C6592C83727200C541D4 /* CarRepository.swift */ = {isa = PBXFileReference; lastKnownFileType = sourcecode.swift; path = CarRepository.swift; sourceTree = "<group>"; };
		14F7C65C2C8385D000C541D4 /* GetCarsUseCase.swift */ = {isa = PBXFileReference; lastKnownFileType = sourcecode.swift; path = GetCarsUseCase.swift; sourceTree = "<group>"; };
		14F7C6602C8386B400C541D4 /* CarRespositoryImpl.swift */ = {isa = PBXFileReference; lastKnownFileType = sourcecode.swift; path = CarRespositoryImpl.swift; sourceTree = "<group>"; };
		14F7C6632C83889F00C541D4 /* APIClient.swift */ = {isa = PBXFileReference; lastKnownFileType = sourcecode.swift; path = APIClient.swift; sourceTree = "<group>"; };
		14F7C6662C83897200C541D4 /* CarRemoteDataSource.swift */ = {isa = PBXFileReference; lastKnownFileType = sourcecode.swift; path = CarRemoteDataSource.swift; sourceTree = "<group>"; };
		14F7C66B2C838B9600C541D4 /* CarListViewModel.swift */ = {isa = PBXFileReference; lastKnownFileType = sourcecode.swift; path = CarListViewModel.swift; sourceTree = "<group>"; };
		14F7C66F2C838C6E00C541D4 /* CarListView.swift */ = {isa = PBXFileReference; lastKnownFileType = sourcecode.swift; path = CarListView.swift; sourceTree = "<group>"; };
		14F7C6712C838E1200C541D4 /* ErrorWrapper.swift */ = {isa = PBXFileReference; lastKnownFileType = sourcecode.swift; path = ErrorWrapper.swift; sourceTree = "<group>"; };
		14F7C6732C838EB700C541D4 /* CarMakes.swift */ = {isa = PBXFileReference; lastKnownFileType = sourcecode.swift; path = CarMakes.swift; sourceTree = "<group>"; };
/* End PBXFileReference section */

/* Begin PBXFrameworksBuildPhase section */
		14F7C6402C83596F00C541D4 /* Frameworks */ = {
			isa = PBXFrameworksBuildPhase;
			buildActionMask = 2147483647;
			files = (
			);
			runOnlyForDeploymentPostprocessing = 0;
		};
/* End PBXFrameworksBuildPhase section */

/* Begin PBXGroup section */
		14F7C63A2C83596F00C541D4 = {
			isa = PBXGroup;
			children = (
				14F7C6452C83596F00C541D4 /* CarAtlas */,
				14F7C6442C83596F00C541D4 /* Products */,
			);
			sourceTree = "<group>";
		};
		14F7C6442C83596F00C541D4 /* Products */ = {
			isa = PBXGroup;
			children = (
				14F7C6432C83596F00C541D4 /* CarAtlas.app */,
			);
			name = Products;
			sourceTree = "<group>";
		};
		14F7C6452C83596F00C541D4 /* CarAtlas */ = {
			isa = PBXGroup;
			children = (
				14F7C6682C838B6F00C541D4 /* Presentation */,
				14F7C65E2C83869C00C541D4 /* Data */,
				14F7C6542C8371A600C541D4 /* Domain */,
				14F7C6462C83596F00C541D4 /* CarAtlasApp.swift */,
				14F7C6482C83596F00C541D4 /* ContentView.swift */,
				14F7C64A2C83597100C541D4 /* Assets.xcassets */,
				14F7C64C2C83597100C541D4 /* Preview Content */,
			);
			path = CarAtlas;
			sourceTree = "<group>";
		};
		14F7C64C2C83597100C541D4 /* Preview Content */ = {
			isa = PBXGroup;
			children = (
				14F7C64D2C83597100C541D4 /* Preview Assets.xcassets */,
			);
			path = "Preview Content";
			sourceTree = "<group>";
		};
		14F7C6542C8371A600C541D4 /* Domain */ = {
			isa = PBXGroup;
			children = (
				14F7C65B2C8385AE00C541D4 /* UseCases */,
				14F7C6582C83726400C541D4 /* Repositories */,
				14F7C6552C8371CB00C541D4 /* Entities */,
			);
			path = Domain;
			sourceTree = "<group>";
		};
		14F7C6552C8371CB00C541D4 /* Entities */ = {
			isa = PBXGroup;
			children = (
				14F7C6562C8371D900C541D4 /* Car.swift */,
				14F7C6712C838E1200C541D4 /* ErrorWrapper.swift */,
				14F7C6732C838EB700C541D4 /* CarMakes.swift */,
			);
			path = Entities;
			sourceTree = "<group>";
		};
		14F7C6582C83726400C541D4 /* Repositories */ = {
			isa = PBXGroup;
			children = (
				14F7C6592C83727200C541D4 /* CarRepository.swift */,
			);
			path = Repositories;
			sourceTree = "<group>";
		};
		14F7C65B2C8385AE00C541D4 /* UseCases */ = {
			isa = PBXGroup;
			children = (
				14F7C65C2C8385D000C541D4 /* GetCarsUseCase.swift */,
			);
			path = UseCases;
			sourceTree = "<group>";
		};
		14F7C65E2C83869C00C541D4 /* Data */ = {
			isa = PBXGroup;
			children = (
				14F7C6652C83896000C541D4 /* Sources */,
				14F7C6622C83889300C541D4 /* Network */,
				14F7C65F2C8386A400C541D4 /* Repositories */,
			);
			path = Data;
			sourceTree = "<group>";
		};
		14F7C65F2C8386A400C541D4 /* Repositories */ = {
			isa = PBXGroup;
			children = (
				14F7C6602C8386B400C541D4 /* CarRespositoryImpl.swift */,
			);
			path = Repositories;
			sourceTree = "<group>";
		};
		14F7C6622C83889300C541D4 /* Network */ = {
			isa = PBXGroup;
			children = (
				14F7C6632C83889F00C541D4 /* APIClient.swift */,
			);
			path = Network;
			sourceTree = "<group>";
		};
		14F7C6652C83896000C541D4 /* Sources */ = {
			isa = PBXGroup;
			children = (
				14F7C6662C83897200C541D4 /* CarRemoteDataSource.swift */,
			);
			path = Sources;
			sourceTree = "<group>";
		};
		14F7C6682C838B6F00C541D4 /* Presentation */ = {
			isa = PBXGroup;
			children = (
				14F7C66A2C838B7F00C541D4 /* Views */,
				14F7C6692C838B7600C541D4 /* ViewModels */,
			);
			path = Presentation;
			sourceTree = "<group>";
		};
		14F7C6692C838B7600C541D4 /* ViewModels */ = {
			isa = PBXGroup;
			children = (
				14F7C66B2C838B9600C541D4 /* CarListViewModel.swift */,
			);
			path = ViewModels;
			sourceTree = "<group>";
		};
		14F7C66A2C838B7F00C541D4 /* Views */ = {
			isa = PBXGroup;
			children = (
				14F7C66F2C838C6E00C541D4 /* CarListView.swift */,
			);
			path = Views;
			sourceTree = "<group>";
		};
/* End PBXGroup section */

/* Begin PBXNativeTarget section */
		14F7C6422C83596F00C541D4 /* CarAtlas */ = {
			isa = PBXNativeTarget;
			buildConfigurationList = 14F7C6512C83597100C541D4 /* Build configuration list for PBXNativeTarget "CarAtlas" */;
			buildPhases = (
				14F7C63F2C83596F00C541D4 /* Sources */,
				14F7C6402C83596F00C541D4 /* Frameworks */,
				14F7C6412C83596F00C541D4 /* Resources */,
			);
			buildRules = (
			);
			dependencies = (
			);
			name = CarAtlas;
			productName = CarAtlas;
			productReference = 14F7C6432C83596F00C541D4 /* CarAtlas.app */;
			productType = "com.apple.product-type.application";
		};
/* End PBXNativeTarget section */

/* Begin PBXProject section */
		14F7C63B2C83596F00C541D4 /* Project object */ = {
			isa = PBXProject;
			attributes = {
				BuildIndependentTargetsInParallel = 1;
				LastSwiftUpdateCheck = 1540;
				LastUpgradeCheck = 1540;
				TargetAttributes = {
					14F7C6422C83596F00C541D4 = {
						CreatedOnToolsVersion = 15.4;
					};
				};
			};
			buildConfigurationList = 14F7C63E2C83596F00C541D4 /* Build configuration list for PBXProject "CarAtlas" */;
			compatibilityVersion = "Xcode 14.0";
			developmentRegion = en;
			hasScannedForEncodings = 0;
			knownRegions = (
				en,
				Base,
			);
			mainGroup = 14F7C63A2C83596F00C541D4;
			productRefGroup = 14F7C6442C83596F00C541D4 /* Products */;
			projectDirPath = "";
			projectRoot = "";
			targets = (
				14F7C6422C83596F00C541D4 /* CarAtlas */,
			);
		};
/* End PBXProject section */

/* Begin PBXResourcesBuildPhase section */
		14F7C6412C83596F00C541D4 /* Resources */ = {
			isa = PBXResourcesBuildPhase;
			buildActionMask = 2147483647;
			files = (
				14F7C64E2C83597100C541D4 /* Preview Assets.xcassets in Resources */,
				14F7C64B2C83597100C541D4 /* Assets.xcassets in Resources */,
			);
			runOnlyForDeploymentPostprocessing = 0;
		};
/* End PBXResourcesBuildPhase section */

/* Begin PBXSourcesBuildPhase section */
		14F7C63F2C83596F00C541D4 /* Sources */ = {
			isa = PBXSourcesBuildPhase;
			buildActionMask = 2147483647;
			files = (
				14F7C65A2C83727200C541D4 /* CarRepository.swift in Sources */,
				14F7C6702C838C6E00C541D4 /* CarListView.swift in Sources */,
				14F7C6672C83897200C541D4 /* CarRemoteDataSource.swift in Sources */,
				14F7C6722C838E1200C541D4 /* ErrorWrapper.swift in Sources */,
				14F7C6742C838EB700C541D4 /* CarMakes.swift in Sources */,
				14F7C6642C83889F00C541D4 /* APIClient.swift in Sources */,
				14F7C6492C83596F00C541D4 /* ContentView.swift in Sources */,
				14F7C65D2C8385D000C541D4 /* GetCarsUseCase.swift in Sources */,
				14F7C6472C83596F00C541D4 /* CarAtlasApp.swift in Sources */,
				14F7C6612C8386B400C541D4 /* CarRespositoryImpl.swift in Sources */,
				14F7C6572C8371D900C541D4 /* Car.swift in Sources */,
				14F7C66C2C838B9600C541D4 /* CarListViewModel.swift in Sources */,
			);
			runOnlyForDeploymentPostprocessing = 0;
		};
/* End PBXSourcesBuildPhase section */

/* Begin XCBuildConfiguration section */
		14F7C64F2C83597100C541D4 /* Debug */ = {
			isa = XCBuildConfiguration;
			buildSettings = {
				ALWAYS_SEARCH_USER_PATHS = NO;
				ASSETCATALOG_COMPILER_GENERATE_SWIFT_ASSET_SYMBOL_EXTENSIONS = YES;
				CLANG_ANALYZER_NONNULL = YES;
				CLANG_ANALYZER_NUMBER_OBJECT_CONVERSION = YES_AGGRESSIVE;
				CLANG_CXX_LANGUAGE_STANDARD = "gnu++20";
				CLANG_ENABLE_MODULES = YES;
				CLANG_ENABLE_OBJC_ARC = YES;
				CLANG_ENABLE_OBJC_WEAK = YES;
				CLANG_WARN_BLOCK_CAPTURE_AUTORELEASING = YES;
				CLANG_WARN_BOOL_CONVERSION = YES;
				CLANG_WARN_COMMA = YES;
				CLANG_WARN_CONSTANT_CONVERSION = YES;
				CLANG_WARN_DEPRECATED_OBJC_IMPLEMENTATIONS = YES;
				CLANG_WARN_DIRECT_OBJC_ISA_USAGE = YES_ERROR;
				CLANG_WARN_DOCUMENTATION_COMMENTS = YES;
				CLANG_WARN_EMPTY_BODY = YES;
				CLANG_WARN_ENUM_CONVERSION = YES;
				CLANG_WARN_INFINITE_RECURSION = YES;
				CLANG_WARN_INT_CONVERSION = YES;
				CLANG_WARN_NON_LITERAL_NULL_CONVERSION = YES;
				CLANG_WARN_OBJC_IMPLICIT_RETAIN_SELF = YES;
				CLANG_WARN_OBJC_LITERAL_CONVERSION = YES;
				CLANG_WARN_OBJC_ROOT_CLASS = YES_ERROR;
				CLANG_WARN_QUOTED_INCLUDE_IN_FRAMEWORK_HEADER = YES;
				CLANG_WARN_RANGE_LOOP_ANALYSIS = YES;
				CLANG_WARN_STRICT_PROTOTYPES = YES;
				CLANG_WARN_SUSPICIOUS_MOVE = YES;
				CLANG_WARN_UNGUARDED_AVAILABILITY = YES_AGGRESSIVE;
				CLANG_WARN_UNREACHABLE_CODE = YES;
				CLANG_WARN__DUPLICATE_METHOD_MATCH = YES;
				COPY_PHASE_STRIP = NO;
				DEBUG_INFORMATION_FORMAT = dwarf;
				ENABLE_STRICT_OBJC_MSGSEND = YES;
				ENABLE_TESTABILITY = YES;
				ENABLE_USER_SCRIPT_SANDBOXING = YES;
				GCC_C_LANGUAGE_STANDARD = gnu17;
				GCC_DYNAMIC_NO_PIC = NO;
				GCC_NO_COMMON_BLOCKS = YES;
				GCC_OPTIMIZATION_LEVEL = 0;
				GCC_PREPROCESSOR_DEFINITIONS = (
					"DEBUG=1",
					"$(inherited)",
				);
				GCC_WARN_64_TO_32_BIT_CONVERSION = YES;
				GCC_WARN_ABOUT_RETURN_TYPE = YES_ERROR;
				GCC_WARN_UNDECLARED_SELECTOR = YES;
				GCC_WARN_UNINITIALIZED_AUTOS = YES_AGGRESSIVE;
				GCC_WARN_UNUSED_FUNCTION = YES;
				GCC_WARN_UNUSED_VARIABLE = YES;
				IPHONEOS_DEPLOYMENT_TARGET = 17.5;
				LOCALIZATION_PREFERS_STRING_CATALOGS = YES;
				MTL_ENABLE_DEBUG_INFO = INCLUDE_SOURCE;
				MTL_FAST_MATH = YES;
				ONLY_ACTIVE_ARCH = YES;
				SDKROOT = iphoneos;
				SWIFT_ACTIVE_COMPILATION_CONDITIONS = "DEBUG $(inherited)";
				SWIFT_OPTIMIZATION_LEVEL = "-Onone";
			};
			name = Debug;
		};
		14F7C6502C83597100C541D4 /* Release */ = {
			isa = XCBuildConfiguration;
			buildSettings = {
				ALWAYS_SEARCH_USER_PATHS = NO;
				ASSETCATALOG_COMPILER_GENERATE_SWIFT_ASSET_SYMBOL_EXTENSIONS = YES;
				CLANG_ANALYZER_NONNULL = YES;
				CLANG_ANALYZER_NUMBER_OBJECT_CONVERSION = YES_AGGRESSIVE;
				CLANG_CXX_LANGUAGE_STANDARD = "gnu++20";
				CLANG_ENABLE_MODULES = YES;
				CLANG_ENABLE_OBJC_ARC = YES;
				CLANG_ENABLE_OBJC_WEAK = YES;
				CLANG_WARN_BLOCK_CAPTURE_AUTORELEASING = YES;
				CLANG_WARN_BOOL_CONVERSION = YES;
				CLANG_WARN_COMMA = YES;
				CLANG_WARN_CONSTANT_CONVERSION = YES;
				CLANG_WARN_DEPRECATED_OBJC_IMPLEMENTATIONS = YES;
				CLANG_WARN_DIRECT_OBJC_ISA_USAGE = YES_ERROR;
				CLANG_WARN_DOCUMENTATION_COMMENTS = YES;
				CLANG_WARN_EMPTY_BODY = YES;
				CLANG_WARN_ENUM_CONVERSION = YES;
				CLANG_WARN_INFINITE_RECURSION = YES;
				CLANG_WARN_INT_CONVERSION = YES;
				CLANG_WARN_NON_LITERAL_NULL_CONVERSION = YES;
				CLANG_WARN_OBJC_IMPLICIT_RETAIN_SELF = YES;
				CLANG_WARN_OBJC_LITERAL_CONVERSION = YES;
				CLANG_WARN_OBJC_ROOT_CLASS = YES_ERROR;
				CLANG_WARN_QUOTED_INCLUDE_IN_FRAMEWORK_HEADER = YES;
				CLANG_WARN_RANGE_LOOP_ANALYSIS = YES;
				CLANG_WARN_STRICT_PROTOTYPES = YES;
				CLANG_WARN_SUSPICIOUS_MOVE = YES;
				CLANG_WARN_UNGUARDED_AVAILABILITY = YES_AGGRESSIVE;
				CLANG_WARN_UNREACHABLE_CODE = YES;
				CLANG_WARN__DUPLICATE_METHOD_MATCH = YES;
				COPY_PHASE_STRIP = NO;
				DEBUG_INFORMATION_FORMAT = "dwarf-with-dsym";
				ENABLE_NS_ASSERTIONS = NO;
				ENABLE_STRICT_OBJC_MSGSEND = YES;
				ENABLE_USER_SCRIPT_SANDBOXING = YES;
				GCC_C_LANGUAGE_STANDARD = gnu17;
				GCC_NO_COMMON_BLOCKS = YES;
				GCC_WARN_64_TO_32_BIT_CONVERSION = YES;
				GCC_WARN_ABOUT_RETURN_TYPE = YES_ERROR;
				GCC_WARN_UNDECLARED_SELECTOR = YES;
				GCC_WARN_UNINITIALIZED_AUTOS = YES_AGGRESSIVE;
				GCC_WARN_UNUSED_FUNCTION = YES;
				GCC_WARN_UNUSED_VARIABLE = YES;
				IPHONEOS_DEPLOYMENT_TARGET = 17.5;
				LOCALIZATION_PREFERS_STRING_CATALOGS = YES;
				MTL_ENABLE_DEBUG_INFO = NO;
				MTL_FAST_MATH = YES;
				SDKROOT = iphoneos;
				SWIFT_COMPILATION_MODE = wholemodule;
				VALIDATE_PRODUCT = YES;
			};
			name = Release;
		};
		14F7C6522C83597100C541D4 /* Debug */ = {
			isa = XCBuildConfiguration;
			buildSettings = {
				ASSETCATALOG_COMPILER_APPICON_NAME = AppIcon;
				ASSETCATALOG_COMPILER_GLOBAL_ACCENT_COLOR_NAME = AccentColor;
				CODE_SIGN_STYLE = Automatic;
				CURRENT_PROJECT_VERSION = 1;
				DEVELOPMENT_ASSET_PATHS = "\"CarAtlas/Preview Content\"";
				DEVELOPMENT_TEAM = KYAT68YD72;
				ENABLE_PREVIEWS = YES;
				GENERATE_INFOPLIST_FILE = YES;
				INFOPLIST_KEY_UIApplicationSceneManifest_Generation = YES;
				INFOPLIST_KEY_UIApplicationSupportsIndirectInputEvents = YES;
				INFOPLIST_KEY_UILaunchScreen_Generation = YES;
				INFOPLIST_KEY_UISupportedInterfaceOrientations_iPad = "UIInterfaceOrientationPortrait UIInterfaceOrientationPortraitUpsideDown UIInterfaceOrientationLandscapeLeft UIInterfaceOrientationLandscapeRight";
				INFOPLIST_KEY_UISupportedInterfaceOrientations_iPhone = "UIInterfaceOrientationPortrait UIInterfaceOrientationLandscapeLeft UIInterfaceOrientationLandscapeRight";
				LD_RUNPATH_SEARCH_PATHS = (
					"$(inherited)",
					"@executable_path/Frameworks",
				);
				MARKETING_VERSION = 1.0;
				PRODUCT_BUNDLE_IDENTIFIER = fr.mariemetay.CarAtlas;
				PRODUCT_NAME = "$(TARGET_NAME)";
				SWIFT_EMIT_LOC_STRINGS = YES;
				SWIFT_VERSION = 5.0;
				TARGETED_DEVICE_FAMILY = "1,2";
			};
			name = Debug;
		};
		14F7C6532C83597100C541D4 /* Release */ = {
			isa = XCBuildConfiguration;
			buildSettings = {
				ASSETCATALOG_COMPILER_APPICON_NAME = AppIcon;
				ASSETCATALOG_COMPILER_GLOBAL_ACCENT_COLOR_NAME = AccentColor;
				CODE_SIGN_STYLE = Automatic;
				CURRENT_PROJECT_VERSION = 1;
				DEVELOPMENT_ASSET_PATHS = "\"CarAtlas/Preview Content\"";
				DEVELOPMENT_TEAM = KYAT68YD72;
				ENABLE_PREVIEWS = YES;
				GENERATE_INFOPLIST_FILE = YES;
				INFOPLIST_KEY_UIApplicationSceneManifest_Generation = YES;
				INFOPLIST_KEY_UIApplicationSupportsIndirectInputEvents = YES;
				INFOPLIST_KEY_UILaunchScreen_Generation = YES;
				INFOPLIST_KEY_UISupportedInterfaceOrientations_iPad = "UIInterfaceOrientationPortrait UIInterfaceOrientationPortraitUpsideDown UIInterfaceOrientationLandscapeLeft UIInterfaceOrientationLandscapeRight";
				INFOPLIST_KEY_UISupportedInterfaceOrientations_iPhone = "UIInterfaceOrientationPortrait UIInterfaceOrientationLandscapeLeft UIInterfaceOrientationLandscapeRight";
				LD_RUNPATH_SEARCH_PATHS = (
					"$(inherited)",
					"@executable_path/Frameworks",
				);
				MARKETING_VERSION = 1.0;
				PRODUCT_BUNDLE_IDENTIFIER = fr.mariemetay.CarAtlas;
				PRODUCT_NAME = "$(TARGET_NAME)";
				SWIFT_EMIT_LOC_STRINGS = YES;
				SWIFT_VERSION = 5.0;
				TARGETED_DEVICE_FAMILY = "1,2";
			};
			name = Release;
		};
/* End XCBuildConfiguration section */

/* Begin XCConfigurationList section */
		14F7C63E2C83596F00C541D4 /* Build configuration list for PBXProject "CarAtlas" */ = {
			isa = XCConfigurationList;
			buildConfigurations = (
				14F7C64F2C83597100C541D4 /* Debug */,
				14F7C6502C83597100C541D4 /* Release */,
			);
			defaultConfigurationIsVisible = 0;
			defaultConfigurationName = Release;
		};
		14F7C6512C83597100C541D4 /* Build configuration list for PBXNativeTarget "CarAtlas" */ = {
			isa = XCConfigurationList;
			buildConfigurations = (
				14F7C6522C83597100C541D4 /* Debug */,
				14F7C6532C83597100C541D4 /* Release */,
			);
			defaultConfigurationIsVisible = 0;
			defaultConfigurationName = Release;
		};
/* End XCConfigurationList section */
	};
	rootObject = 14F7C63B2C83596F00C541D4 /* Project object */;
}
